
Microsoft Visual Studio Solution File, Format Version 12.00
# Visual Studio Version 17
VisualStudioVersion = 17.5.002.0
MinimumVisualStudioVersion = 10.0.40219.1
Project("{9A19103F-16F7-4668-BE54-9A1E7A4F7556}") = "TestProject", "Challeng-project\TestProject.csproj", "{8F8F1974-BB7B-4207-8CAA-8AA60B298B16}"
EndProject
Global
	GlobalSection(SolutionConfigurationPlatforms) = preSolution
		Debug|Any CPU = Debug|Any CPU
		Release|Any CPU = Release|Any CPU
	EndGlobalSection
	GlobalSection(ProjectConfigurationPlatforms) = postSolution
		{8F8F1974-BB7B-4207-8CAA-8AA60B298B16}.Debug|Any CPU.ActiveCfg = Debug|Any CPU
		{8F8F1974-BB7B-4207-8CAA-8AA60B298B16}.Debug|Any CPU.Build.0 = Debug|Any CPU
		{8F8F1974-BB7B-4207-8CAA-8AA60B298B16}.Release|Any CPU.ActiveCfg = Release|Any CPU
		{8F8F1974-BB7B-4207-8CAA-8AA60B298B16}.Release|Any CPU.Build.0 = Release|Any CPU
	EndGlobalSection
	GlobalSection(SolutionProperties) = preSolution
		HideSolutionNode = FALSE
	EndGlobalSection
	GlobalSection(ExtensibilityGlobals) = postSolution
		SolutionGuid = {F0E6163A-1931-4D24-8B72-69CC8F6FC012}
	EndGlobalSection
EndGlobal
